
Microsoft Visual Studio Solution File, Format Version 12.00
# Visual Studio Version 16
VisualStudioVersion = 16.0.32002.261
MinimumVisualStudioVersion = 10.0.40219.1
Project("{FAE04EC0-301F-11D3-BF4B-00C04F79EFBC}") = "web", "web\web.csproj", "{D3D1EDE5-F1D9-437A-9F7B-4A35B0E804A2}"
EndProject
Project("{FAE04EC0-301F-11D3-BF4B-00C04F79EFBC}") = "Core", "Core\Core.csproj", "{9456FA2F-ADBF-4109-8754-7C72492E4B7E}"
EndProject
Project("{FAE04EC0-301F-11D3-BF4B-00C04F79EFBC}") = "Infrastructure", "Infrastructure\Infrastructure.csproj", "{606BF36E-310F-4F05-AC9E-F4CE4C7071B6}"
EndProject
Global
	GlobalSection(SolutionConfigurationPlatforms) = preSolution
		Debug|Any CPU = Debug|Any CPU
		Release|Any CPU = Release|Any CPU
	EndGlobalSection
	GlobalSection(ProjectConfigurationPlatforms) = postSolution
		{D3D1EDE5-F1D9-437A-9F7B-4A35B0E804A2}.Debug|Any CPU.ActiveCfg = Debug|Any CPU
		{D3D1EDE5-F1D9-437A-9F7B-4A35B0E804A2}.Debug|Any CPU.Build.0 = Debug|Any CPU
		{D3D1EDE5-F1D9-437A-9F7B-4A35B0E804A2}.Release|Any CPU.ActiveCfg = Release|Any CPU
		{D3D1EDE5-F1D9-437A-9F7B-4A35B0E804A2}.Release|Any CPU.Build.0 = Release|Any CPU
		{9456FA2F-ADBF-4109-8754-7C72492E4B7E}.Debug|Any CPU.ActiveCfg = Debug|Any CPU
		{9456FA2F-ADBF-4109-8754-7C72492E4B7E}.Debug|Any CPU.Build.0 = Debug|Any CPU
		{9456FA2F-ADBF-4109-8754-7C72492E4B7E}.Release|Any CPU.ActiveCfg = Release|Any CPU
		{9456FA2F-ADBF-4109-8754-7C72492E4B7E}.Release|Any CPU.Build.0 = Release|Any CPU
		{606BF36E-310F-4F05-AC9E-F4CE4C7071B6}.Debug|Any CPU.ActiveCfg = Debug|Any CPU
		{606BF36E-310F-4F05-AC9E-F4CE4C7071B6}.Debug|Any CPU.Build.0 = Debug|Any CPU
		{606BF36E-310F-4F05-AC9E-F4CE4C7071B6}.Release|Any CPU.ActiveCfg = Release|Any CPU
		{606BF36E-310F-4F05-AC9E-F4CE4C7071B6}.Release|Any CPU.Build.0 = Release|Any CPU
	EndGlobalSection
	GlobalSection(SolutionProperties) = preSolution
		HideSolutionNode = FALSE
	EndGlobalSection
	GlobalSection(ExtensibilityGlobals) = postSolution
		SolutionGuid = {ADC60209-C488-4971-AC4E-F54D9CB7B163}
	EndGlobalSection
EndGlobal
